
Microsoft Visual Studio Solution File, Format Version 12.00
# Visual Studio Version 17
VisualStudioVersion = 17.2.32616.157
MinimumVisualStudioVersion = 10.0.40219.1
Project("{FAE04EC0-301F-11D3-BF4B-00C04F79EFBC}") = "Meu_Primeiro_Projeto", "Meu_Primeiro_Projeto.csproj", "{DD5ABD35-4581-42B0-8CF8-9CF8A91687B6}"
EndProject
Global
	GlobalSection(SolutionConfigurationPlatforms) = preSolution
		Debug|Any CPU = Debug|Any CPU
		Release|Any CPU = Release|Any CPU
	EndGlobalSection
	GlobalSection(ProjectConfigurationPlatforms) = postSolution
		{DD5ABD35-4581-42B0-8CF8-9CF8A91687B6}.Debug|Any CPU.ActiveCfg = Debug|Any CPU
		{DD5ABD35-4581-42B0-8CF8-9CF8A91687B6}.Debug|Any CPU.Build.0 = Debug|Any CPU
		{DD5ABD35-4581-42B0-8CF8-9CF8A91687B6}.Release|Any CPU.ActiveCfg = Release|Any CPU
		{DD5ABD35-4581-42B0-8CF8-9CF8A91687B6}.Release|Any CPU.Build.0 = Release|Any CPU
	EndGlobalSection
	GlobalSection(SolutionProperties) = preSolution
		HideSolutionNode = FALSE
	EndGlobalSection
	GlobalSection(ExtensibilityGlobals) = postSolution
		SolutionGuid = {17ADC06D-4E21-4AEA-9294-E01E1EDCD3FB}
	EndGlobalSection
EndGlobal
